PODS:
  - KMPNativeCoroutinesAsync (0.12.5):
    - KMPNativeCoroutinesCore (= 0.12.5)
  - KMPNativeCoroutinesCore (0.12.5)
  - shared (1.0)

DEPENDENCIES:
  - KMPNativeCoroutinesAsync (= 0.12.5)
  - shared (from `../shared`)

SPEC REPOS:
  trunk:
    - KMPNativeCoroutinesAsync
    - KMPNativeCoroutinesCore

EXTERNAL SOURCES:
  shared:
    :path: "../shared"

SPEC CHECKSUMS:
  KMPNativeCoroutinesAsync: f8ab70cd9e9720188a0bba43b99b5f14a7d1a64a
  KMPNativeCoroutinesCore: 36b0fda478802c81dee4673fcb489ccaa7e705f2
  shared: 2d3b24a8fe27b7d9e65b8d075a9672fbc6a1aa10

PODFILE CHECKSUM: 68bcde1a27b3b7b3c0e8c03d76b0fa1d2a71cbba

COCOAPODS: 1.11.3
